// !$*UTF8*$!
{
	archiveVersion = 1;
	classes = {
	};
	objectVersion = 56;
	objects = {

/* Begin PBXBuildFile section */
		211E85C62BA0077000D31A5F /* StrengthTrainingView.swift in Sources */ = {isa = PBXBuildFile; fileRef = 211E85C52BA0077000D31A5F /* StrengthTrainingView.swift */; };
		211E85CC2BA0492E00D31A5F /* MyProfileView.swift in Sources */ = {isa = PBXBuildFile; fileRef = 211E85CB2BA0492E00D31A5F /* MyProfileView.swift */; };
		211E85CE2BA0628900D31A5F /* HealthData.swift in Sources */ = {isa = PBXBuildFile; fileRef = 211E85CD2BA0628900D31A5F /* HealthData.swift */; };
		211E85D02BA0633400D31A5F /* Calendar+Extensions.swift in Sources */ = {isa = PBXBuildFile; fileRef = 211E85CF2BA0633400D31A5F /* Calendar+Extensions.swift */; };
		21324D6E2BD539D600E0E6BA /* HKWorkoutActivityType+Extensions.swift in Sources */ = {isa = PBXBuildFile; fileRef = 21324D6D2BD539D600E0E6BA /* HKWorkoutActivityType+Extensions.swift */; };
		215061B92BE08F0500909F44 /* MyHRDataView.swift in Sources */ = {isa = PBXBuildFile; fileRef = 215061B82BE08F0500909F44 /* MyHRDataView.swift */; };
		215061BB2BE08F2300909F44 /* ChagePasswordView.swift in Sources */ = {isa = PBXBuildFile; fileRef = 215061BA2BE08F2300909F44 /* ChagePasswordView.swift */; };
		2153A1002B886CFC00335C42 /* RingfitApp.swift in Sources */ = {isa = PBXBuildFile; fileRef = 2153A0FF2B886CFC00335C42 /* RingfitApp.swift */; };
		2153A1022B886CFC00335C42 /* ContentView.swift in Sources */ = {isa = PBXBuildFile; fileRef = 2153A1012B886CFC00335C42 /* ContentView.swift */; };
		2153A1042B886CFD00335C42 /* Assets.xcassets in Resources */ = {isa = PBXBuildFile; fileRef = 2153A1032B886CFD00335C42 /* Assets.xcassets */; };
		2153A1072B886CFD00335C42 /* Preview Assets.xcassets in Resources */ = {isa = PBXBuildFile; fileRef = 2153A1062B886CFD00335C42 /* Preview Assets.xcassets */; };
		2153A1112B8C66E400335C42 /* FirebaseAnalytics in Frameworks */ = {isa = PBXBuildFile; productRef = 2153A1102B8C66E400335C42 /* FirebaseAnalytics */; };
		2153A1152B8C66E400335C42 /* FirebaseAnalyticsSwift in Frameworks */ = {isa = PBXBuildFile; productRef = 2153A1142B8C66E400335C42 /* FirebaseAnalyticsSwift */; };
		2153A11D2B8C66E400335C42 /* FirebaseAuth in Frameworks */ = {isa = PBXBuildFile; productRef = 2153A11C2B8C66E400335C42 /* FirebaseAuth */; };
		2153A1292B8C66E400335C42 /* FirebaseFirestore in Frameworks */ = {isa = PBXBuildFile; productRef = 2153A1282B8C66E400335C42 /* FirebaseFirestore */; };
		2153A12D2B8C66E400335C42 /* FirebaseFirestoreSwift in Frameworks */ = {isa = PBXBuildFile; productRef = 2153A12C2B8C66E400335C42 /* FirebaseFirestoreSwift */; };
		2153A1432B8C66E500335C42 /* FirebaseStorage in Frameworks */ = {isa = PBXBuildFile; productRef = 2153A1422B8C66E500335C42 /* FirebaseStorage */; };
		2153A1452B8C66E500335C42 /* FirebaseStorageCombine-Community in Frameworks */ = {isa = PBXBuildFile; productRef = 2153A1442B8C66E500335C42 /* FirebaseStorageCombine-Community */; };
		2153A1522B8CB2C600335C42 /* RingfitTabView.swift in Sources */ = {isa = PBXBuildFile; fileRef = 2153A1512B8CB2C600335C42 /* RingfitTabView.swift */; };
		2153A1542B8CB2F100335C42 /* HomeView.swift in Sources */ = {isa = PBXBuildFile; fileRef = 2153A1532B8CB2F100335C42 /* HomeView.swift */; };
		2153A1562B8CB30A00335C42 /* StrengthTrainingViewModel.swift in Sources */ = {isa = PBXBuildFile; fileRef = 2153A1552B8CB30A00335C42 /* StrengthTrainingViewModel.swift */; };
		2153A1582B8CB34C00335C42 /* Activity.swift in Sources */ = {isa = PBXBuildFile; fileRef = 2153A1572B8CB34C00335C42 /* Activity.swift */; };
		2153A1632B8CB4C400335C42 /* LoginView.swift in Sources */ = {isa = PBXBuildFile; fileRef = 2153A1622B8CB4C400335C42 /* LoginView.swift */; };
		2153A1652B8CB55200335C42 /* SplashScreenView.swift in Sources */ = {isa = PBXBuildFile; fileRef = 2153A1642B8CB55200335C42 /* SplashScreenView.swift */; };
		2153A1672B8D945400335C42 /* FCTextField.swift in Sources */ = {isa = PBXBuildFile; fileRef = 2153A1662B8D945400335C42 /* FCTextField.swift */; };
		2153A1692B8D965D00335C42 /* SignUpViewModel.swift in Sources */ = {isa = PBXBuildFile; fileRef = 2153A1682B8D965D00335C42 /* SignUpViewModel.swift */; };
		2153A16B2B8D96BA00335C42 /* Gender.swift in Sources */ = {isa = PBXBuildFile; fileRef = 2153A16A2B8D96BA00335C42 /* Gender.swift */; };
		2153A16D2B8D987C00335C42 /* AuthViewModel.swift in Sources */ = {isa = PBXBuildFile; fileRef = 2153A16C2B8D987C00335C42 /* AuthViewModel.swift */; };
		2153A16F2B8D9A7000335C42 /* User.swift in Sources */ = {isa = PBXBuildFile; fileRef = 2153A16E2B8D9A7000335C42 /* User.swift */; };
		2153A1712B8DA0BF00335C42 /* UserViewModel.swift in Sources */ = {isa = PBXBuildFile; fileRef = 2153A1702B8DA0BF00335C42 /* UserViewModel.swift */; };
		2153A1732B8DAA1800335C42 /* WorkoutPurpose.swift in Sources */ = {isa = PBXBuildFile; fileRef = 2153A1722B8DAA1800335C42 /* WorkoutPurpose.swift */; };
		2153A1752B8DD2A800335C42 /* Color+Extensions.swift in Sources */ = {isa = PBXBuildFile; fileRef = 2153A1742B8DD2A800335C42 /* Color+Extensions.swift */; };
		2153A1772B8DD91600335C42 /* FCSecureTextFieldView.swift in Sources */ = {isa = PBXBuildFile; fileRef = 2153A1762B8DD91600335C42 /* FCSecureTextFieldView.swift */; };
		2153A1792B8E133B00335C42 /* FindPasswordView.swift in Sources */ = {isa = PBXBuildFile; fileRef = 2153A1782B8E133B00335C42 /* FindPasswordView.swift */; };
		2153A17C2B8E155400335C42 /* FCButtonModifier.swift in Sources */ = {isa = PBXBuildFile; fileRef = 2153A17B2B8E155400335C42 /* FCButtonModifier.swift */; };
		2153A1802B8F016900335C42 /* PrivacyPolicyDetailView.swift in Sources */ = {isa = PBXBuildFile; fileRef = 2153A17F2B8F016900335C42 /* PrivacyPolicyDetailView.swift */; };
		2153A1842B8F2D1800335C42 /* TermsAndConditionsDetailView.swift in Sources */ = {isa = PBXBuildFile; fileRef = 2153A1832B8F2D1800335C42 /* TermsAndConditionsDetailView.swift */; };
		2153A1862B8F389900335C42 /* FirstUserDetailInfoView.swift in Sources */ = {isa = PBXBuildFile; fileRef = 2153A1852B8F389900335C42 /* FirstUserDetailInfoView.swift */; };
		2153A1882B8F3E6100335C42 /* EmailSignUpMainView.swift in Sources */ = {isa = PBXBuildFile; fileRef = 2153A1872B8F3E6100335C42 /* EmailSignUpMainView.swift */; };
		2153A18D2B8F6AD000335C42 /* DropDownSelector.swift in Sources */ = {isa = PBXBuildFile; fileRef = 2153A18C2B8F6AD000335C42 /* DropDownSelector.swift */; };
		2155529C2C12CB92002B2A7B /* ChartColor.swift in Sources */ = {isa = PBXBuildFile; fileRef = 2155529B2C12CB92002B2A7B /* ChartColor.swift */; };
		217E79CB2B95C8D60053EC54 /* SecondUserDetailInfoView.swift in Sources */ = {isa = PBXBuildFile; fileRef = 217E79CA2B95C8D60053EC54 /* SecondUserDetailInfoView.swift */; };
		217E79CD2B95DB0C0053EC54 /* DateField.swift in Sources */ = {isa = PBXBuildFile; fileRef = 217E79CC2B95DB0C0053EC54 /* DateField.swift */; };
		217E79CF2B95E3780053EC54 /* MyDateFormatter.swift in Sources */ = {isa = PBXBuildFile; fileRef = 217E79CE2B95E3780053EC54 /* MyDateFormatter.swift */; };
		217E79D32B963A350053EC54 /* DatePickerTextField.swift in Sources */ = {isa = PBXBuildFile; fileRef = 217E79D22B963A350053EC54 /* DatePickerTextField.swift */; };
		217E79D52B96432B0053EC54 /* CalendarSheet.swift in Sources */ = {isa = PBXBuildFile; fileRef = 217E79D42B96432B0053EC54 /* CalendarSheet.swift */; };
		21842DA12C0438CE002E2504 /* GoogleService-Info.plist in Resources */ = {isa = PBXBuildFile; fileRef = 21842DA02C0438CE002E2504 /* GoogleService-Info.plist */; };
		2199D08C2C0EC09D002664C0 /* GoogleMobileAds in Frameworks */ = {isa = PBXBuildFile; productRef = 2199D08B2C0EC09D002664C0 /* GoogleMobileAds */; };
		2199D08E2C0EC4E9002664C0 /* GADBannerViewController.swift in Sources */ = {isa = PBXBuildFile; fileRef = 2199D08D2C0EC4E9002664C0 /* GADBannerViewController.swift */; };
		2199D0902C0ED9C3002664C0 /* PrivacyInfo.xcprivacy in Resources */ = {isa = PBXBuildFile; fileRef = 2199D08F2C0ED9C3002664C0 /* PrivacyInfo.xcprivacy */; };
		21D202C42B9C91BC002ADABF /* Date+Extensions.swift in Sources */ = {isa = PBXBuildFile; fileRef = 21D202C32B9C91BC002ADABF /* Date+Extensions.swift */; };
		21D202C62B9C9B19002ADABF /* WeeklyDateSelectView.swift in Sources */ = {isa = PBXBuildFile; fileRef = 21D202C52B9C9B19002ADABF /* WeeklyDateSelectView.swift */; };
		21D202C82B9CA6D8002ADABF /* CardioDonutChartView.swift in Sources */ = {isa = PBXBuildFile; fileRef = 21D202C72B9CA6D8002ADABF /* CardioDonutChartView.swift */; };
		21D202CA2B9CA8D4002ADABF /* Cardio.swift in Sources */ = {isa = PBXBuildFile; fileRef = 21D202C92B9CA8D4002ADABF /* Cardio.swift */; };
		21FFE54D2BA8414D004C1F52 /* AuthAgreementCheckView.swift in Sources */ = {isa = PBXBuildFile; fileRef = 21FFE54C2BA8414D004C1F52 /* AuthAgreementCheckView.swift */; };
		21FFE54F2BA841A6004C1F52 /* AuthWelcomeView.swift in Sources */ = {isa = PBXBuildFile; fileRef = 21FFE54E2BA841A6004C1F52 /* AuthWelcomeView.swift */; };
		21FFE5532BA9B7E6004C1F52 /* AuthProgressBar.swift in Sources */ = {isa = PBXBuildFile; fileRef = 21FFE5522BA9B7E6004C1F52 /* AuthProgressBar.swift */; };
		21FFE5552BB052CF004C1F52 /* LaunchViewModel.swift in Sources */ = {isa = PBXBuildFile; fileRef = 21FFE5542BB052CF004C1F52 /* LaunchViewModel.swift */; };
		21FFE5592BB2D4AA004C1F52 /* View+Extensions.swift in Sources */ = {isa = PBXBuildFile; fileRef = 21FFE5582BB2D4AA004C1F52 /* View+Extensions.swift */; };
		21FFE55B2BB2D4D2004C1F52 /* FCAlertModifier.swift in Sources */ = {isa = PBXBuildFile; fileRef = 21FFE55A2BB2D4D2004C1F52 /* FCAlertModifier.swift */; };
		21FFE55F2BBBB402004C1F52 /* HealthViewModel.swift in Sources */ = {isa = PBXBuildFile; fileRef = 21FFE55E2BBBB402004C1F52 /* HealthViewModel.swift */; };
		21FFE5612BBD0851004C1F52 /* WorkoutType.swift in Sources */ = {isa = PBXBuildFile; fileRef = 21FFE5602BBD0851004C1F52 /* WorkoutType.swift */; };
		21FFE5672BCE8F44004C1F52 /* SettingView.swift in Sources */ = {isa = PBXBuildFile; fileRef = 21FFE5662BCE8F44004C1F52 /* SettingView.swift */; };
/* End PBXBuildFile section */

/* Begin PBXCopyFilesBuildPhase section */
		21842DAA2C097CC4002E2504 /* Embed Frameworks */ = {
			isa = PBXCopyFilesBuildPhase;
			buildActionMask = 2147483647;
			dstPath = "";
			dstSubfolderSpec = 10;
			files = (
			);
			name = "Embed Frameworks";
			runOnlyForDeploymentPostprocessing = 0;
		};
/* End PBXCopyFilesBuildPhase section */

/* Begin PBXFileReference section */
		211E85C52BA0077000D31A5F /* StrengthTrainingView.swift */ = {isa = PBXFileReference; lastKnownFileType = sourcecode.swift; path = StrengthTrainingView.swift; sourceTree = "<group>"; };
		211E85CB2BA0492E00D31A5F /* MyProfileView.swift */ = {isa = PBXFileReference; lastKnownFileType = sourcecode.swift; path = MyProfileView.swift; sourceTree = "<group>"; };
		211E85CD2BA0628900D31A5F /* HealthData.swift */ = {isa = PBXFileReference; lastKnownFileType = sourcecode.swift; path = HealthData.swift; sourceTree = "<group>"; };
		211E85CF2BA0633400D31A5F /* Calendar+Extensions.swift */ = {isa = PBXFileReference; lastKnownFileType = sourcecode.swift; path = "Calendar+Extensions.swift"; sourceTree = "<group>"; };
		21324D6D2BD539D600E0E6BA /* HKWorkoutActivityType+Extensions.swift */ = {isa = PBXFileReference; lastKnownFileType = sourcecode.swift; path = "HKWorkoutActivityType+Extensions.swift"; sourceTree = "<group>"; };
		215061B82BE08F0500909F44 /* MyHRDataView.swift */ = {isa = PBXFileReference; lastKnownFileType = sourcecode.swift; path = MyHRDataView.swift; sourceTree = "<group>"; };
		215061BA2BE08F2300909F44 /* ChagePasswordView.swift */ = {isa = PBXFileReference; lastKnownFileType = sourcecode.swift; path = ChagePasswordView.swift; sourceTree = "<group>"; };
		2153A0FC2B886CFC00335C42 /* Ringfit.app */ = {isa = PBXFileReference; explicitFileType = wrapper.application; includeInIndex = 0; path = Ringfit.app; sourceTree = BUILT_PRODUCTS_DIR; };
		2153A0FF2B886CFC00335C42 /* RingfitApp.swift */ = {isa = PBXFileReference; lastKnownFileType = sourcecode.swift; path = RingfitApp.swift; sourceTree = "<group>"; };
		2153A1012B886CFC00335C42 /* ContentView.swift */ = {isa = PBXFileReference; lastKnownFileType = sourcecode.swift; path = ContentView.swift; sourceTree = "<group>"; };
		2153A1032B886CFD00335C42 /* Assets.xcassets */ = {isa = PBXFileReference; lastKnownFileType = folder.assetcatalog; path = Assets.xcassets; sourceTree = "<group>"; };
		2153A1062B886CFD00335C42 /* Preview Assets.xcassets */ = {isa = PBXFileReference; lastKnownFileType = folder.assetcatalog; path = "Preview Assets.xcassets"; sourceTree = "<group>"; };
		2153A1512B8CB2C600335C42 /* RingfitTabView.swift */ = {isa = PBXFileReference; lastKnownFileType = sourcecode.swift; path = RingfitTabView.swift; sourceTree = "<group>"; };
		2153A1532B8CB2F100335C42 /* HomeView.swift */ = {isa = PBXFileReference; lastKnownFileType = sourcecode.swift; path = HomeView.swift; sourceTree = "<group>"; };
		2153A1552B8CB30A00335C42 /* StrengthTrainingViewModel.swift */ = {isa = PBXFileReference; lastKnownFileType = sourcecode.swift; path = StrengthTrainingViewModel.swift; sourceTree = "<group>"; };
		2153A1572B8CB34C00335C42 /* Activity.swift */ = {isa = PBXFileReference; lastKnownFileType = sourcecode.swift; path = Activity.swift; sourceTree = "<group>"; };
		2153A1622B8CB4C400335C42 /* LoginView.swift */ = {isa = PBXFileReference; lastKnownFileType = sourcecode.swift; path = LoginView.swift; sourceTree = "<group>"; };
		2153A1642B8CB55200335C42 /* SplashScreenView.swift */ = {isa = PBXFileReference; lastKnownFileType = sourcecode.swift; path = SplashScreenView.swift; sourceTree = "<group>"; };
		2153A1662B8D945400335C42 /* FCTextField.swift */ = {isa = PBXFileReference; lastKnownFileType = sourcecode.swift; path = FCTextField.swift; sourceTree = "<group>"; };
		2153A1682B8D965D00335C42 /* SignUpViewModel.swift */ = {isa = PBXFileReference; lastKnownFileType = sourcecode.swift; path = SignUpViewModel.swift; sourceTree = "<group>"; };
		2153A16A2B8D96BA00335C42 /* Gender.swift */ = {isa = PBXFileReference; lastKnownFileType = sourcecode.swift; path = Gender.swift; sourceTree = "<group>"; };
		2153A16C2B8D987C00335C42 /* AuthViewModel.swift */ = {isa = PBXFileReference; lastKnownFileType = sourcecode.swift; path = AuthViewModel.swift; sourceTree = "<group>"; };
		2153A16E2B8D9A7000335C42 /* User.swift */ = {isa = PBXFileReference; lastKnownFileType = sourcecode.swift; path = User.swift; sourceTree = "<group>"; };
		2153A1702B8DA0BF00335C42 /* UserViewModel.swift */ = {isa = PBXFileReference; lastKnownFileType = sourcecode.swift; path = UserViewModel.swift; sourceTree = "<group>"; };
		2153A1722B8DAA1800335C42 /* WorkoutPurpose.swift */ = {isa = PBXFileReference; lastKnownFileType = sourcecode.swift; path = WorkoutPurpose.swift; sourceTree = "<group>"; };
		2153A1742B8DD2A800335C42 /* Color+Extensions.swift */ = {isa = PBXFileReference; lastKnownFileType = sourcecode.swift; path = "Color+Extensions.swift"; sourceTree = "<group>"; };
		2153A1762B8DD91600335C42 /* FCSecureTextFieldView.swift */ = {isa = PBXFileReference; lastKnownFileType = sourcecode.swift; path = FCSecureTextFieldView.swift; sourceTree = "<group>"; };
		2153A1782B8E133B00335C42 /* FindPasswordView.swift */ = {isa = PBXFileReference; lastKnownFileType = sourcecode.swift; path = FindPasswordView.swift; sourceTree = "<group>"; };
		2153A17B2B8E155400335C42 /* FCButtonModifier.swift */ = {isa = PBXFileReference; lastKnownFileType = sourcecode.swift; path = FCButtonModifier.swift; sourceTree = "<group>"; };
		2153A17F2B8F016900335C42 /* PrivacyPolicyDetailView.swift */ = {isa = PBXFileReference; lastKnownFileType = sourcecode.swift; path = PrivacyPolicyDetailView.swift; sourceTree = "<group>"; };
		2153A1832B8F2D1800335C42 /* TermsAndConditionsDetailView.swift */ = {isa = PBXFileReference; lastKnownFileType = sourcecode.swift; path = TermsAndConditionsDetailView.swift; sourceTree = "<group>"; };
		2153A1852B8F389900335C42 /* FirstUserDetailInfoView.swift */ = {isa = PBXFileReference; lastKnownFileType = sourcecode.swift; path = FirstUserDetailInfoView.swift; sourceTree = "<group>"; };
		2153A1872B8F3E6100335C42 /* EmailSignUpMainView.swift */ = {isa = PBXFileReference; lastKnownFileType = sourcecode.swift; path = EmailSignUpMainView.swift; sourceTree = "<group>"; };
		2153A18C2B8F6AD000335C42 /* DropDownSelector.swift */ = {isa = PBXFileReference; lastKnownFileType = sourcecode.swift; path = DropDownSelector.swift; sourceTree = "<group>"; };
		2155529B2C12CB92002B2A7B /* ChartColor.swift */ = {isa = PBXFileReference; lastKnownFileType = sourcecode.swift; path = ChartColor.swift; sourceTree = "<group>"; };
		217E79CA2B95C8D60053EC54 /* SecondUserDetailInfoView.swift */ = {isa = PBXFileReference; lastKnownFileType = sourcecode.swift; path = SecondUserDetailInfoView.swift; sourceTree = "<group>"; };
		217E79CC2B95DB0C0053EC54 /* DateField.swift */ = {isa = PBXFileReference; lastKnownFileType = sourcecode.swift; path = DateField.swift; sourceTree = "<group>"; };
		217E79CE2B95E3780053EC54 /* MyDateFormatter.swift */ = {isa = PBXFileReference; lastKnownFileType = sourcecode.swift; path = MyDateFormatter.swift; sourceTree = "<group>"; };
		217E79D22B963A350053EC54 /* DatePickerTextField.swift */ = {isa = PBXFileReference; lastKnownFileType = sourcecode.swift; path = DatePickerTextField.swift; sourceTree = "<group>"; };
		217E79D42B96432B0053EC54 /* CalendarSheet.swift */ = {isa = PBXFileReference; lastKnownFileType = sourcecode.swift; path = CalendarSheet.swift; sourceTree = "<group>"; };
		21842DA02C0438CE002E2504 /* GoogleService-Info.plist */ = {isa = PBXFileReference; fileEncoding = 4; lastKnownFileType = text.plist.xml; path = "GoogleService-Info.plist"; sourceTree = "<group>"; };
		21842DA42C058AB1002E2504 /* Ringfit.entitlements */ = {isa = PBXFileReference; lastKnownFileType = text.plist.entitlements; path = Ringfit.entitlements; sourceTree = "<group>"; };
		2199D08D2C0EC4E9002664C0 /* GADBannerViewController.swift */ = {isa = PBXFileReference; lastKnownFileType = sourcecode.swift; path = GADBannerViewController.swift; sourceTree = "<group>"; };
		2199D08F2C0ED9C3002664C0 /* PrivacyInfo.xcprivacy */ = {isa = PBXFileReference; fileEncoding = 4; lastKnownFileType = text.xml; path = PrivacyInfo.xcprivacy; sourceTree = "<group>"; };
		21D202C32B9C91BC002ADABF /* Date+Extensions.swift */ = {isa = PBXFileReference; lastKnownFileType = sourcecode.swift; path = "Date+Extensions.swift"; sourceTree = "<group>"; };
		21D202C52B9C9B19002ADABF /* WeeklyDateSelectView.swift */ = {isa = PBXFileReference; lastKnownFileType = sourcecode.swift; path = WeeklyDateSelectView.swift; sourceTree = "<group>"; };
		21D202C72B9CA6D8002ADABF /* CardioDonutChartView.swift */ = {isa = PBXFileReference; lastKnownFileType = sourcecode.swift; path = CardioDonutChartView.swift; sourceTree = "<group>"; };
		21D202C92B9CA8D4002ADABF /* Cardio.swift */ = {isa = PBXFileReference; lastKnownFileType = sourcecode.swift; path = Cardio.swift; sourceTree = "<group>"; };
		21FFE54C2BA8414D004C1F52 /* AuthAgreementCheckView.swift */ = {isa = PBXFileReference; lastKnownFileType = sourcecode.swift; path = AuthAgreementCheckView.swift; sourceTree = "<group>"; };
		21FFE54E2BA841A6004C1F52 /* AuthWelcomeView.swift */ = {isa = PBXFileReference; lastKnownFileType = sourcecode.swift; path = AuthWelcomeView.swift; sourceTree = "<group>"; };
		21FFE5522BA9B7E6004C1F52 /* AuthProgressBar.swift */ = {isa = PBXFileReference; lastKnownFileType = sourcecode.swift; path = AuthProgressBar.swift; sourceTree = "<group>"; };
		21FFE5542BB052CF004C1F52 /* LaunchViewModel.swift */ = {isa = PBXFileReference; lastKnownFileType = sourcecode.swift; path = LaunchViewModel.swift; sourceTree = "<group>"; };
		21FFE5582BB2D4AA004C1F52 /* View+Extensions.swift */ = {isa = PBXFileReference; lastKnownFileType = sourcecode.swift; path = "View+Extensions.swift"; sourceTree = "<group>"; };
		21FFE55A2BB2D4D2004C1F52 /* FCAlertModifier.swift */ = {isa = PBXFileReference; lastKnownFileType = sourcecode.swift; path = FCAlertModifier.swift; sourceTree = "<group>"; };
		21FFE55E2BBBB402004C1F52 /* HealthViewModel.swift */ = {isa = PBXFileReference; lastKnownFileType = sourcecode.swift; path = HealthViewModel.swift; sourceTree = "<group>"; };
		21FFE5602BBD0851004C1F52 /* WorkoutType.swift */ = {isa = PBXFileReference; lastKnownFileType = sourcecode.swift; path = WorkoutType.swift; sourceTree = "<group>"; };
		21FFE5622BC8E2A9004C1F52 /* Info.plist */ = {isa = PBXFileReference; lastKnownFileType = text.plist.xml; path = Info.plist; sourceTree = "<group>"; };
		21FFE5662BCE8F44004C1F52 /* SettingView.swift */ = {isa = PBXFileReference; lastKnownFileType = sourcecode.swift; path = SettingView.swift; sourceTree = "<group>"; };
/* End PBXFileReference section */

/* Begin PBXFrameworksBuildPhase section */
		2153A0F92B886CFC00335C42 /* Frameworks */ = {
			isa = PBXFrameworksBuildPhase;
			buildActionMask = 2147483647;
			files = (
				2153A1292B8C66E400335C42 /* FirebaseFirestore in Frameworks */,
				2153A1152B8C66E400335C42 /* FirebaseAnalyticsSwift in Frameworks */,
				2199D08C2C0EC09D002664C0 /* GoogleMobileAds in Frameworks */,
				2153A1112B8C66E400335C42 /* FirebaseAnalytics in Frameworks */,
				2153A12D2B8C66E400335C42 /* FirebaseFirestoreSwift in Frameworks */,
				2153A11D2B8C66E400335C42 /* FirebaseAuth in Frameworks */,
				2153A1452B8C66E500335C42 /* FirebaseStorageCombine-Community in Frameworks */,
				2153A1432B8C66E500335C42 /* FirebaseStorage in Frameworks */,
			);
			runOnlyForDeploymentPostprocessing = 0;
		};
/* End PBXFrameworksBuildPhase section */

/* Begin PBXGroup section */
		211E85C72BA0490D00D31A5F /* MyProfile */ = {
			isa = PBXGroup;
			children = (
				211E85CA2BA0492400D31A5F /* Model */,
				211E85C92BA0492100D31A5F /* View */,
				211E85C82BA0491A00D31A5F /* ViewModel */,
			);
			path = MyProfile;
			sourceTree = "<group>";
		};
		211E85C82BA0491A00D31A5F /* ViewModel */ = {
			isa = PBXGroup;
			children = (
			);
			path = ViewModel;
			sourceTree = "<group>";
		};
		211E85C92BA0492100D31A5F /* View */ = {
			isa = PBXGroup;
			children = (
				211E85CB2BA0492E00D31A5F /* MyProfileView.swift */,
			);
			path = View;
			sourceTree = "<group>";
		};
		211E85CA2BA0492400D31A5F /* Model */ = {
			isa = PBXGroup;
			children = (
			);
			path = Model;
			sourceTree = "<group>";
		};
		215061B42BE08AEF00909F44 /* Setting */ = {
			isa = PBXGroup;
			children = (
				215061B72BE08DC500909F44 /* Model */,
				215061B52BE08DB500909F44 /* View */,
				215061B62BE08DC000909F44 /* ViewModel */,
			);
			path = Setting;
			sourceTree = "<group>";
		};
		215061B52BE08DB500909F44 /* View */ = {
			isa = PBXGroup;
			children = (
				21FFE5662BCE8F44004C1F52 /* SettingView.swift */,
				215061B82BE08F0500909F44 /* MyHRDataView.swift */,
				215061BA2BE08F2300909F44 /* ChagePasswordView.swift */,
			);
			path = View;
			sourceTree = "<group>";
		};
		215061B62BE08DC000909F44 /* ViewModel */ = {
			isa = PBXGroup;
			children = (
			);
			path = ViewModel;
			sourceTree = "<group>";
		};
		215061B72BE08DC500909F44 /* Model */ = {
			isa = PBXGroup;
			children = (
			);
			path = Model;
			sourceTree = "<group>";
		};
		2153A0F32B886CFC00335C42 = {
			isa = PBXGroup;
			children = (
				21842DA02C0438CE002E2504 /* GoogleService-Info.plist */,
				2153A0FE2B886CFC00335C42 /* Ringfit */,
				2153A0FD2B886CFC00335C42 /* Products */,
			);
			sourceTree = "<group>";
		};
		2153A0FD2B886CFC00335C42 /* Products */ = {
			isa = PBXGroup;
			children = (
				2153A0FC2B886CFC00335C42 /* Ringfit.app */,
			);
			name = Products;
			sourceTree = "<group>";
		};
		2153A0FE2B886CFC00335C42 /* Ringfit */ = {
			isa = PBXGroup;
			children = (
				21FFE5622BC8E2A9004C1F52 /* Info.plist */,
				2153A1482B8CAAB600335C42 /* App */,
				2153A1492B8CAAC400335C42 /* Features */,
				215061B42BE08AEF00909F44 /* Setting */,
				2153A14A2B8CAACE00335C42 /* Utilities */,
				2153A17A2B8E153100335C42 /* ViewModifier */,
				2153A1032B886CFD00335C42 /* Assets.xcassets */,
				21842DA42C058AB1002E2504 /* Ringfit.entitlements */,
				2199D08F2C0ED9C3002664C0 /* PrivacyInfo.xcprivacy */,
				2153A1052B886CFD00335C42 /* Preview Content */,
			);
			path = Ringfit;
			sourceTree = "<group>";
		};
		2153A1052B886CFD00335C42 /* Preview Content */ = {
			isa = PBXGroup;
			children = (
				2153A1062B886CFD00335C42 /* Preview Assets.xcassets */,
			);
			path = "Preview Content";
			sourceTree = "<group>";
		};
		2153A1482B8CAAB600335C42 /* App */ = {
			isa = PBXGroup;
			children = (
				2153A0FF2B886CFC00335C42 /* RingfitApp.swift */,
				2153A1012B886CFC00335C42 /* ContentView.swift */,
				2153A1512B8CB2C600335C42 /* RingfitTabView.swift */,
				2153A1642B8CB55200335C42 /* SplashScreenView.swift */,
				2199D08D2C0EC4E9002664C0 /* GADBannerViewController.swift */,
			);
			path = App;
			sourceTree = "<group>";
		};
		2153A1492B8CAAC400335C42 /* Features */ = {
			isa = PBXGroup;
			children = (
				2153A15D2B8CB4A400335C42 /* Auth */,
				2153A14B2B8CAADC00335C42 /* Home */,
				2153A1592B8CB36E00335C42 /* Chart */,
				211E85C72BA0490D00D31A5F /* MyProfile */,
			);
			path = Features;
			sourceTree = "<group>";
		};
		2153A14A2B8CAACE00335C42 /* Utilities */ = {
			isa = PBXGroup;
			children = (
				2153A1742B8DD2A800335C42 /* Color+Extensions.swift */,
				21D202C32B9C91BC002ADABF /* Date+Extensions.swift */,
				211E85CF2BA0633400D31A5F /* Calendar+Extensions.swift */,
				21FFE5582BB2D4AA004C1F52 /* View+Extensions.swift */,
				21324D6D2BD539D600E0E6BA /* HKWorkoutActivityType+Extensions.swift */,
			);
			path = Utilities;
			sourceTree = "<group>";
		};
		2153A14B2B8CAADC00335C42 /* Home */ = {
			isa = PBXGroup;
			children = (
				2153A14E2B8CB29D00335C42 /* Model */,
				2153A14D2B8CB29700335C42 /* View */,
				2153A14C2B8CB28C00335C42 /* ViewModel */,
			);
			path = Home;
			sourceTree = "<group>";
		};
		2153A14C2B8CB28C00335C42 /* ViewModel */ = {
			isa = PBXGroup;
			children = (
				2153A1552B8CB30A00335C42 /* StrengthTrainingViewModel.swift */,
			);
			path = ViewModel;
			sourceTree = "<group>";
		};
		2153A14D2B8CB29700335C42 /* View */ = {
			isa = PBXGroup;
			children = (
				2153A1532B8CB2F100335C42 /* HomeView.swift */,
				21D202C52B9C9B19002ADABF /* WeeklyDateSelectView.swift */,
				21D202C72B9CA6D8002ADABF /* CardioDonutChartView.swift */,
				211E85C52BA0077000D31A5F /* StrengthTrainingView.swift */,
			);
			path = View;
			sourceTree = "<group>";
		};
		2153A14E2B8CB29D00335C42 /* Model */ = {
			isa = PBXGroup;
			children = (
				2153A1572B8CB34C00335C42 /* Activity.swift */,
				21D202C92B9CA8D4002ADABF /* Cardio.swift */,
				211E85CD2BA0628900D31A5F /* HealthData.swift */,
			);
			path = Model;
			sourceTree = "<group>";
		};
		2153A1592B8CB36E00335C42 /* Chart */ = {
			isa = PBXGroup;
			children = (
				2153A15C2B8CB39200335C42 /* Model */,
				2153A15B2B8CB38C00335C42 /* View */,
				2153A15A2B8CB37B00335C42 /* ViewModel */,
			);
			path = Chart;
			sourceTree = "<group>";
		};
		2153A15A2B8CB37B00335C42 /* ViewModel */ = {
			isa = PBXGroup;
			children = (
				21FFE55E2BBBB402004C1F52 /* HealthViewModel.swift */,
			);
			path = ViewModel;
			sourceTree = "<group>";
		};
		2153A15B2B8CB38C00335C42 /* View */ = {
			isa = PBXGroup;
			children = (
			);
			path = View;
			sourceTree = "<group>";
		};
		2153A15C2B8CB39200335C42 /* Model */ = {
			isa = PBXGroup;
			children = (
				21FFE5602BBD0851004C1F52 /* WorkoutType.swift */,
				2155529B2C12CB92002B2A7B /* ChartColor.swift */,
			);
			path = Model;
			sourceTree = "<group>";
		};
		2153A15D2B8CB4A400335C42 /* Auth */ = {
			isa = PBXGroup;
			children = (
				2153A1602B8CB4B300335C42 /* Model */,
				2153A15F2B8CB4AF00335C42 /* View */,
				2153A15E2B8CB4A800335C42 /* ViewModel */,
			);
			path = Auth;
			sourceTree = "<group>";
		};
		2153A15E2B8CB4A800335C42 /* ViewModel */ = {
			isa = PBXGroup;
			children = (
				2153A16C2B8D987C00335C42 /* AuthViewModel.swift */,
				2153A1702B8DA0BF00335C42 /* UserViewModel.swift */,
				2153A1682B8D965D00335C42 /* SignUpViewModel.swift */,
				21FFE5522BA9B7E6004C1F52 /* AuthProgressBar.swift */,
				21FFE5542BB052CF004C1F52 /* LaunchViewModel.swift */,
			);
			path = ViewModel;
			sourceTree = "<group>";
		};
		2153A15F2B8CB4AF00335C42 /* View */ = {
			isa = PBXGroup;
			children = (
				2153A18B2B8F6A9100335C42 /* SubViews */,
				2153A1622B8CB4C400335C42 /* LoginView.swift */,
				2153A1782B8E133B00335C42 /* FindPasswordView.swift */,
				2153A1872B8F3E6100335C42 /* EmailSignUpMainView.swift */,
				2153A1852B8F389900335C42 /* FirstUserDetailInfoView.swift */,
				217E79CA2B95C8D60053EC54 /* SecondUserDetailInfoView.swift */,
			);
			path = View;
			sourceTree = "<group>";
		};
		2153A1602B8CB4B300335C42 /* Model */ = {
			isa = PBXGroup;
			children = (
				2153A16A2B8D96BA00335C42 /* Gender.swift */,
				2153A16E2B8D9A7000335C42 /* User.swift */,
				2153A1722B8DAA1800335C42 /* WorkoutPurpose.swift */,
				217E79CC2B95DB0C0053EC54 /* DateField.swift */,
				217E79CE2B95E3780053EC54 /* MyDateFormatter.swift */,
			);
			path = Model;
			sourceTree = "<group>";
		};
		2153A17A2B8E153100335C42 /* ViewModifier */ = {
			isa = PBXGroup;
			children = (
				2153A17B2B8E155400335C42 /* FCButtonModifier.swift */,
				21FFE55A2BB2D4D2004C1F52 /* FCAlertModifier.swift */,
			);
			path = ViewModifier;
			sourceTree = "<group>";
		};
		2153A18B2B8F6A9100335C42 /* SubViews */ = {
			isa = PBXGroup;
			children = (
				21FFE54E2BA841A6004C1F52 /* AuthWelcomeView.swift */,
				21FFE54C2BA8414D004C1F52 /* AuthAgreementCheckView.swift */,
				217E79D22B963A350053EC54 /* DatePickerTextField.swift */,
				2153A1662B8D945400335C42 /* FCTextField.swift */,
				2153A1762B8DD91600335C42 /* FCSecureTextFieldView.swift */,
				2153A1832B8F2D1800335C42 /* TermsAndConditionsDetailView.swift */,
				2153A17F2B8F016900335C42 /* PrivacyPolicyDetailView.swift */,
				2153A18C2B8F6AD000335C42 /* DropDownSelector.swift */,
				217E79D42B96432B0053EC54 /* CalendarSheet.swift */,
			);
			path = SubViews;
			sourceTree = "<group>";
		};
/* End PBXGroup section */

/* Begin PBXNativeTarget section */
		2153A0FB2B886CFC00335C42 /* Ringfit */ = {
			isa = PBXNativeTarget;
			buildConfigurationList = 2153A10A2B886CFD00335C42 /* Build configuration list for PBXNativeTarget "Ringfit" */;
			buildPhases = (
				2153A0F82B886CFC00335C42 /* Sources */,
				2153A0F92B886CFC00335C42 /* Frameworks */,
				2153A0FA2B886CFC00335C42 /* Resources */,
				21842DAA2C097CC4002E2504 /* Embed Frameworks */,
			);
			buildRules = (
			);
			dependencies = (
			);
			name = Ringfit;
			packageProductDependencies = (
				2153A1102B8C66E400335C42 /* FirebaseAnalytics */,
				2153A1142B8C66E400335C42 /* FirebaseAnalyticsSwift */,
				2153A11C2B8C66E400335C42 /* FirebaseAuth */,
				2153A1282B8C66E400335C42 /* FirebaseFirestore */,
				2153A12C2B8C66E400335C42 /* FirebaseFirestoreSwift */,
				2153A1422B8C66E500335C42 /* FirebaseStorage */,
				2153A1442B8C66E500335C42 /* FirebaseStorageCombine-Community */,
				2199D08B2C0EC09D002664C0 /* GoogleMobileAds */,
			);
			productName = Fitculator;
			productReference = 2153A0FC2B886CFC00335C42 /* Ringfit.app */;
			productType = "com.apple.product-type.application";
		};
/* End PBXNativeTarget section */

/* Begin PBXProject section */
		2153A0F42B886CFC00335C42 /* Project object */ = {
			isa = PBXProject;
			attributes = {
				BuildIndependentTargetsInParallel = 1;
				LastSwiftUpdateCheck = 1520;
				LastUpgradeCheck = 1520;
				TargetAttributes = {
					2153A0FB2B886CFC00335C42 = {
						CreatedOnToolsVersion = 15.2;
					};
				};
			};
			buildConfigurationList = 2153A0F72B886CFC00335C42 /* Build configuration list for PBXProject "Ringfit" */;
			compatibilityVersion = "Xcode 14.0";
			developmentRegion = en;
			hasScannedForEncodings = 0;
			knownRegions = (
				en,
				Base,
			);
			mainGroup = 2153A0F32B886CFC00335C42;
			packageReferences = (
				2153A10F2B8C66E400335C42 /* XCRemoteSwiftPackageReference "firebase-ios-sdk" */,
				2199D08A2C0EC09D002664C0 /* XCRemoteSwiftPackageReference "swift-package-manager-google-mobile-ads" */,
			);
			productRefGroup = 2153A0FD2B886CFC00335C42 /* Products */;
			projectDirPath = "";
			projectRoot = "";
			targets = (
				2153A0FB2B886CFC00335C42 /* Ringfit */,
			);
		};
/* End PBXProject section */

/* Begin PBXResourcesBuildPhase section */
		2153A0FA2B886CFC00335C42 /* Resources */ = {
			isa = PBXResourcesBuildPhase;
			buildActionMask = 2147483647;
			files = (
				2153A1072B886CFD00335C42 /* Preview Assets.xcassets in Resources */,
				2153A1042B886CFD00335C42 /* Assets.xcassets in Resources */,
				2199D0902C0ED9C3002664C0 /* PrivacyInfo.xcprivacy in Resources */,
				21842DA12C0438CE002E2504 /* GoogleService-Info.plist in Resources */,
			);
			runOnlyForDeploymentPostprocessing = 0;
		};
/* End PBXResourcesBuildPhase section */

/* Begin PBXSourcesBuildPhase section */
		2153A0F82B886CFC00335C42 /* Sources */ = {
			isa = PBXSourcesBuildPhase;
			buildActionMask = 2147483647;
			files = (
				2153A16B2B8D96BA00335C42 /* Gender.swift in Sources */,
				217E79D52B96432B0053EC54 /* CalendarSheet.swift in Sources */,
				2153A1022B886CFC00335C42 /* ContentView.swift in Sources */,
				211E85CE2BA0628900D31A5F /* HealthData.swift in Sources */,
				2153A1842B8F2D1800335C42 /* TermsAndConditionsDetailView.swift in Sources */,
				2199D08E2C0EC4E9002664C0 /* GADBannerViewController.swift in Sources */,
				2153A18D2B8F6AD000335C42 /* DropDownSelector.swift in Sources */,
				217E79CB2B95C8D60053EC54 /* SecondUserDetailInfoView.swift in Sources */,
				2153A1562B8CB30A00335C42 /* StrengthTrainingViewModel.swift in Sources */,
				2153A1652B8CB55200335C42 /* SplashScreenView.swift in Sources */,
				21D202C42B9C91BC002ADABF /* Date+Extensions.swift in Sources */,
				21FFE5592BB2D4AA004C1F52 /* View+Extensions.swift in Sources */,
				2153A1582B8CB34C00335C42 /* Activity.swift in Sources */,
				2153A17C2B8E155400335C42 /* FCButtonModifier.swift in Sources */,
				215061BB2BE08F2300909F44 /* ChagePasswordView.swift in Sources */,
				2153A1522B8CB2C600335C42 /* RingfitTabView.swift in Sources */,
				2153A1802B8F016900335C42 /* PrivacyPolicyDetailView.swift in Sources */,
				2153A1002B886CFC00335C42 /* RingfitApp.swift in Sources */,
				21FFE5552BB052CF004C1F52 /* LaunchViewModel.swift in Sources */,
				2153A16F2B8D9A7000335C42 /* User.swift in Sources */,
				21D202C62B9C9B19002ADABF /* WeeklyDateSelectView.swift in Sources */,
				21FFE54D2BA8414D004C1F52 /* AuthAgreementCheckView.swift in Sources */,
				217E79CD2B95DB0C0053EC54 /* DateField.swift in Sources */,
				2153A1732B8DAA1800335C42 /* WorkoutPurpose.swift in Sources */,
				211E85D02BA0633400D31A5F /* Calendar+Extensions.swift in Sources */,
				21FFE5532BA9B7E6004C1F52 /* AuthProgressBar.swift in Sources */,
				2153A1672B8D945400335C42 /* FCTextField.swift in Sources */,
				2155529C2C12CB92002B2A7B /* ChartColor.swift in Sources */,
				2153A1542B8CB2F100335C42 /* HomeView.swift in Sources */,
				2153A1752B8DD2A800335C42 /* Color+Extensions.swift in Sources */,
				21FFE5672BCE8F44004C1F52 /* SettingView.swift in Sources */,
				217E79D32B963A350053EC54 /* DatePickerTextField.swift in Sources */,
				2153A1862B8F389900335C42 /* FirstUserDetailInfoView.swift in Sources */,
				211E85CC2BA0492E00D31A5F /* MyProfileView.swift in Sources */,
				21D202CA2B9CA8D4002ADABF /* Cardio.swift in Sources */,
				2153A1792B8E133B00335C42 /* FindPasswordView.swift in Sources */,
				2153A1632B8CB4C400335C42 /* LoginView.swift in Sources */,
				215061B92BE08F0500909F44 /* MyHRDataView.swift in Sources */,
				21FFE55B2BB2D4D2004C1F52 /* FCAlertModifier.swift in Sources */,
				211E85C62BA0077000D31A5F /* StrengthTrainingView.swift in Sources */,
				21FFE54F2BA841A6004C1F52 /* AuthWelcomeView.swift in Sources */,
				217E79CF2B95E3780053EC54 /* MyDateFormatter.swift in Sources */,
				21324D6E2BD539D600E0E6BA /* HKWorkoutActivityType+Extensions.swift in Sources */,
				2153A1692B8D965D00335C42 /* SignUpViewModel.swift in Sources */,
				2153A1882B8F3E6100335C42 /* EmailSignUpMainView.swift in Sources */,
				2153A1772B8DD91600335C42 /* FCSecureTextFieldView.swift in Sources */,
				2153A16D2B8D987C00335C42 /* AuthViewModel.swift in Sources */,
				21D202C82B9CA6D8002ADABF /* CardioDonutChartView.swift in Sources */,
				21FFE55F2BBBB402004C1F52 /* HealthViewModel.swift in Sources */,
				21FFE5612BBD0851004C1F52 /* WorkoutType.swift in Sources */,
				2153A1712B8DA0BF00335C42 /* UserViewModel.swift in Sources */,
			);
			runOnlyForDeploymentPostprocessing = 0;
		};
/* End PBXSourcesBuildPhase section */

/* Begin XCBuildConfiguration section */
		2153A1082B886CFD00335C42 /* Debug */ = {
			isa = XCBuildConfiguration;
			buildSettings = {
				ALWAYS_SEARCH_USER_PATHS = NO;
				ASSETCATALOG_COMPILER_GENERATE_SWIFT_ASSET_SYMBOL_EXTENSIONS = YES;
				CLANG_ANALYZER_NONNULL = YES;
				CLANG_ANALYZER_NUMBER_OBJECT_CONVERSION = YES_AGGRESSIVE;
				CLANG_CXX_LANGUAGE_STANDARD = "gnu++20";
				CLANG_ENABLE_MODULES = YES;
				CLANG_ENABLE_OBJC_ARC = YES;
				CLANG_ENABLE_OBJC_WEAK = YES;
				CLANG_WARN_BLOCK_CAPTURE_AUTORELEASING = YES;
				CLANG_WARN_BOOL_CONVERSION = YES;
				CLANG_WARN_COMMA = YES;
				CLANG_WARN_CONSTANT_CONVERSION = YES;
				CLANG_WARN_DEPRECATED_OBJC_IMPLEMENTATIONS = YES;
				CLANG_WARN_DIRECT_OBJC_ISA_USAGE = YES_ERROR;
				CLANG_WARN_DOCUMENTATION_COMMENTS = YES;
				CLANG_WARN_EMPTY_BODY = YES;
				CLANG_WARN_ENUM_CONVERSION = YES;
				CLANG_WARN_INFINITE_RECURSION = YES;
				CLANG_WARN_INT_CONVERSION = YES;
				CLANG_WARN_NON_LITERAL_NULL_CONVERSION = YES;
				CLANG_WARN_OBJC_IMPLICIT_RETAIN_SELF = YES;
				CLANG_WARN_OBJC_LITERAL_CONVERSION = YES;
				CLANG_WARN_OBJC_ROOT_CLASS = YES_ERROR;
				CLANG_WARN_QUOTED_INCLUDE_IN_FRAMEWORK_HEADER = YES;
				CLANG_WARN_RANGE_LOOP_ANALYSIS = YES;
				CLANG_WARN_STRICT_PROTOTYPES = YES;
				CLANG_WARN_SUSPICIOUS_MOVE = YES;
				CLANG_WARN_UNGUARDED_AVAILABILITY = YES_AGGRESSIVE;
				CLANG_WARN_UNREACHABLE_CODE = YES;
				CLANG_WARN__DUPLICATE_METHOD_MATCH = YES;
				COPY_PHASE_STRIP = NO;
				DEBUG_INFORMATION_FORMAT = dwarf;
				ENABLE_STRICT_OBJC_MSGSEND = YES;
				ENABLE_TESTABILITY = YES;
				ENABLE_USER_SCRIPT_SANDBOXING = YES;
				GCC_C_LANGUAGE_STANDARD = gnu17;
				GCC_DYNAMIC_NO_PIC = NO;
				GCC_NO_COMMON_BLOCKS = YES;
				GCC_OPTIMIZATION_LEVEL = 0;
				GCC_PREPROCESSOR_DEFINITIONS = (
					"DEBUG=1",
					"$(inherited)",
				);
				GCC_WARN_64_TO_32_BIT_CONVERSION = YES;
				GCC_WARN_ABOUT_RETURN_TYPE = YES_ERROR;
				GCC_WARN_UNDECLARED_SELECTOR = YES;
				GCC_WARN_UNINITIALIZED_AUTOS = YES_AGGRESSIVE;
				GCC_WARN_UNUSED_FUNCTION = YES;
				GCC_WARN_UNUSED_VARIABLE = YES;
				IPHONEOS_DEPLOYMENT_TARGET = 17.2;
				LOCALIZATION_PREFERS_STRING_CATALOGS = YES;
				MTL_ENABLE_DEBUG_INFO = INCLUDE_SOURCE;
				MTL_FAST_MATH = YES;
				ONLY_ACTIVE_ARCH = YES;
				SDKROOT = iphoneos;
				SWIFT_ACTIVE_COMPILATION_CONDITIONS = "DEBUG $(inherited)";
				SWIFT_OPTIMIZATION_LEVEL = "-Onone";
			};
			name = Debug;
		};
		2153A1092B886CFD00335C42 /* Release */ = {
			isa = XCBuildConfiguration;
			buildSettings = {
				ALWAYS_SEARCH_USER_PATHS = NO;
				ASSETCATALOG_COMPILER_GENERATE_SWIFT_ASSET_SYMBOL_EXTENSIONS = YES;
				CLANG_ANALYZER_NONNULL = YES;
				CLANG_ANALYZER_NUMBER_OBJECT_CONVERSION = YES_AGGRESSIVE;
				CLANG_CXX_LANGUAGE_STANDARD = "gnu++20";
				CLANG_ENABLE_MODULES = YES;
				CLANG_ENABLE_OBJC_ARC = YES;
				CLANG_ENABLE_OBJC_WEAK = YES;
				CLANG_WARN_BLOCK_CAPTURE_AUTORELEASING = YES;
				CLANG_WARN_BOOL_CONVERSION = YES;
				CLANG_WARN_COMMA = YES;
				CLANG_WARN_CONSTANT_CONVERSION = YES;
				CLANG_WARN_DEPRECATED_OBJC_IMPLEMENTATIONS = YES;
				CLANG_WARN_DIRECT_OBJC_ISA_USAGE = YES_ERROR;
				CLANG_WARN_DOCUMENTATION_COMMENTS = YES;
				CLANG_WARN_EMPTY_BODY = YES;
				CLANG_WARN_ENUM_CONVERSION = YES;
				CLANG_WARN_INFINITE_RECURSION = YES;
				CLANG_WARN_INT_CONVERSION = YES;
				CLANG_WARN_NON_LITERAL_NULL_CONVERSION = YES;
				CLANG_WARN_OBJC_IMPLICIT_RETAIN_SELF = YES;
				CLANG_WARN_OBJC_LITERAL_CONVERSION = YES;
				CLANG_WARN_OBJC_ROOT_CLASS = YES_ERROR;
				CLANG_WARN_QUOTED_INCLUDE_IN_FRAMEWORK_HEADER = YES;
				CLANG_WARN_RANGE_LOOP_ANALYSIS = YES;
				CLANG_WARN_STRICT_PROTOTYPES = YES;
				CLANG_WARN_SUSPICIOUS_MOVE = YES;
				CLANG_WARN_UNGUARDED_AVAILABILITY = YES_AGGRESSIVE;
				CLANG_WARN_UNREACHABLE_CODE = YES;
				CLANG_WARN__DUPLICATE_METHOD_MATCH = YES;
				COPY_PHASE_STRIP = NO;
				DEBUG_INFORMATION_FORMAT = "dwarf-with-dsym";
				ENABLE_NS_ASSERTIONS = NO;
				ENABLE_STRICT_OBJC_MSGSEND = YES;
				ENABLE_USER_SCRIPT_SANDBOXING = YES;
				GCC_C_LANGUAGE_STANDARD = gnu17;
				GCC_NO_COMMON_BLOCKS = YES;
				GCC_WARN_64_TO_32_BIT_CONVERSION = YES;
				GCC_WARN_ABOUT_RETURN_TYPE = YES_ERROR;
				GCC_WARN_UNDECLARED_SELECTOR = YES;
				GCC_WARN_UNINITIALIZED_AUTOS = YES_AGGRESSIVE;
				GCC_WARN_UNUSED_FUNCTION = YES;
				GCC_WARN_UNUSED_VARIABLE = YES;
				IPHONEOS_DEPLOYMENT_TARGET = 17.2;
				LOCALIZATION_PREFERS_STRING_CATALOGS = YES;
				MTL_ENABLE_DEBUG_INFO = NO;
				MTL_FAST_MATH = YES;
				SDKROOT = iphoneos;
				SWIFT_COMPILATION_MODE = wholemodule;
				VALIDATE_PRODUCT = YES;
			};
			name = Release;
		};
		2153A10B2B886CFD00335C42 /* Debug */ = {
			isa = XCBuildConfiguration;
			buildSettings = {
				ASSETCATALOG_COMPILER_APPICON_NAME = AppIcon;
				ASSETCATALOG_COMPILER_GLOBAL_ACCENT_COLOR_NAME = AccentColor;
				CODE_SIGN_ENTITLEMENTS = Ringfit/Ringfit.entitlements;
				CODE_SIGN_STYLE = Automatic;
				CURRENT_PROJECT_VERSION = 1;
				DEVELOPMENT_ASSET_PATHS = "\"Ringfit/Preview Content\"";
				DEVELOPMENT_TEAM = RVG95USG2A;
				ENABLE_PREVIEWS = YES;
				GENERATE_INFOPLIST_FILE = YES;
				INFOPLIST_FILE = Ringfit/Info.plist;
				INFOPLIST_KEY_LSApplicationCategoryType = "public.app-category.healthcare-fitness";
				INFOPLIST_KEY_NSHealthClinicalHealthRecordsShareUsageDescription = "'Ringfit'(이)가 사용자의 건강에 접근하려고 합니다.";
				INFOPLIST_KEY_NSHealthShareUsageDescription = "'Ringfit'(이)가 사용자의 건강에 접근하려고 합니다.";
				INFOPLIST_KEY_NSHealthUpdateUsageDescription = "'Ringfit'(이)가 사용자의 건강에 접근하려고 합니다.";
				INFOPLIST_KEY_UIApplicationSupportsIndirectInputEvents = YES;
				INFOPLIST_KEY_UILaunchScreen_Generation = YES;
				INFOPLIST_KEY_UIStatusBarStyle = "";
				INFOPLIST_KEY_UISupportedInterfaceOrientations = UIInterfaceOrientationPortrait;
				INFOPLIST_KEY_UISupportedInterfaceOrientations_iPad = "UIInterfaceOrientationLandscapeLeft UIInterfaceOrientationLandscapeRight UIInterfaceOrientationPortrait UIInterfaceOrientationPortraitUpsideDown";
				INFOPLIST_KEY_UIUserInterfaceStyle = Light;
				IPHONEOS_DEPLOYMENT_TARGET = 17.2;
				LD_RUNPATH_SEARCH_PATHS = (
					"$(inherited)",
					"@executable_path/Frameworks",
				);
				MARKETING_VERSION = 1.0;
				PRODUCT_BUNDLE_IDENTIFIER = com.ringfit.Ringfit;
				PRODUCT_NAME = "$(TARGET_NAME)";
				SUPPORTED_PLATFORMS = "iphoneos iphonesimulator";
				SUPPORTS_MACCATALYST = NO;
				SUPPORTS_MAC_DESIGNED_FOR_IPHONE_IPAD = NO;
				SUPPORTS_XR_DESIGNED_FOR_IPHONE_IPAD = NO;
				SWIFT_EMIT_LOC_STRINGS = YES;
				SWIFT_VERSION = 5.0;
				TARGETED_DEVICE_FAMILY = 1;
			};
			name = Debug;
		};
		2153A10C2B886CFD00335C42 /* Release */ = {
			isa = XCBuildConfiguration;
			buildSettings = {
				ASSETCATALOG_COMPILER_APPICON_NAME = AppIcon;
				ASSETCATALOG_COMPILER_GLOBAL_ACCENT_COLOR_NAME = AccentColor;
				CODE_SIGN_ENTITLEMENTS = Ringfit/Ringfit.entitlements;
				CODE_SIGN_STYLE = Automatic;
				CURRENT_PROJECT_VERSION = 1;
				DEVELOPMENT_ASSET_PATHS = "\"Ringfit/Preview Content\"";
				DEVELOPMENT_TEAM = RVG95USG2A;
				ENABLE_PREVIEWS = YES;
				GENERATE_INFOPLIST_FILE = YES;
				INFOPLIST_FILE = Ringfit/Info.plist;
				INFOPLIST_KEY_LSApplicationCategoryType = "public.app-category.healthcare-fitness";
				INFOPLIST_KEY_NSHealthClinicalHealthRecordsShareUsageDescription = "'Ringfit'(이)가 사용자의 건강에 접근하려고 합니다.";
				INFOPLIST_KEY_NSHealthShareUsageDescription = "'Ringfit'(이)가 사용자의 건강에 접근하려고 합니다.";
				INFOPLIST_KEY_NSHealthUpdateUsageDescription = "'Ringfit'(이)가 사용자의 건강에 접근하려고 합니다.";
				INFOPLIST_KEY_UIApplicationSupportsIndirectInputEvents = YES;
				INFOPLIST_KEY_UILaunchScreen_Generation = YES;
				INFOPLIST_KEY_UIStatusBarStyle = "";
				INFOPLIST_KEY_UISupportedInterfaceOrientations = UIInterfaceOrientationPortrait;
				INFOPLIST_KEY_UISupportedInterfaceOrientations_iPad = "UIInterfaceOrientationLandscapeLeft UIInterfaceOrientationLandscapeRight UIInterfaceOrientationPortrait UIInterfaceOrientationPortraitUpsideDown";
				INFOPLIST_KEY_UIUserInterfaceStyle = Light;
				IPHONEOS_DEPLOYMENT_TARGET = 17.2;
				LD_RUNPATH_SEARCH_PATHS = (
					"$(inherited)",
					"@executable_path/Frameworks",
				);
				MARKETING_VERSION = 1.0;
				PRODUCT_BUNDLE_IDENTIFIER = com.ringfit.Ringfit;
				PRODUCT_NAME = "$(TARGET_NAME)";
				SUPPORTED_PLATFORMS = "iphoneos iphonesimulator";
				SUPPORTS_MACCATALYST = NO;
				SUPPORTS_MAC_DESIGNED_FOR_IPHONE_IPAD = NO;
				SUPPORTS_XR_DESIGNED_FOR_IPHONE_IPAD = NO;
				SWIFT_EMIT_LOC_STRINGS = YES;
				SWIFT_VERSION = 5.0;
				TARGETED_DEVICE_FAMILY = 1;
			};
			name = Release;
		};
/* End XCBuildConfiguration section */

/* Begin XCConfigurationList section */
		2153A0F72B886CFC00335C42 /* Build configuration list for PBXProject "Ringfit" */ = {
			isa = XCConfigurationList;
			buildConfigurations = (
				2153A1082B886CFD00335C42 /* Debug */,
				2153A1092B886CFD00335C42 /* Release */,
			);
			defaultConfigurationIsVisible = 0;
			defaultConfigurationName = Release;
		};
		2153A10A2B886CFD00335C42 /* Build configuration list for PBXNativeTarget "Ringfit" */ = {
			isa = XCConfigurationList;
			buildConfigurations = (
				2153A10B2B886CFD00335C42 /* Debug */,
				2153A10C2B886CFD00335C42 /* Release */,
			);
			defaultConfigurationIsVisible = 0;
			defaultConfigurationName = Release;
		};
/* End XCConfigurationList section */

/* Begin XCRemoteSwiftPackageReference section */
		2153A10F2B8C66E400335C42 /* XCRemoteSwiftPackageReference "firebase-ios-sdk" */ = {
			isa = XCRemoteSwiftPackageReference;
			repositoryURL = "https://github.com/firebase/firebase-ios-sdk";
			requirement = {
				kind = upToNextMajorVersion;
				minimumVersion = 10.21.0;
			};
		};
		2199D08A2C0EC09D002664C0 /* XCRemoteSwiftPackageReference "swift-package-manager-google-mobile-ads" */ = {
			isa = XCRemoteSwiftPackageReference;
			repositoryURL = "https://github.com/googleads/swift-package-manager-google-mobile-ads.git";
			requirement = {
				kind = upToNextMajorVersion;
				minimumVersion = 11.5.0;
			};
		};
/* End XCRemoteSwiftPackageReference section */

/* Begin XCSwiftPackageProductDependency section */
		2153A1102B8C66E400335C42 /* FirebaseAnalytics */ = {
			isa = XCSwiftPackageProductDependency;
			package = 2153A10F2B8C66E400335C42 /* XCRemoteSwiftPackageReference "firebase-ios-sdk" */;
			productName = FirebaseAnalytics;
		};
		2153A1142B8C66E400335C42 /* FirebaseAnalyticsSwift */ = {
			isa = XCSwiftPackageProductDependency;
			package = 2153A10F2B8C66E400335C42 /* XCRemoteSwiftPackageReference "firebase-ios-sdk" */;
			productName = FirebaseAnalyticsSwift;
		};
		2153A11C2B8C66E400335C42 /* FirebaseAuth */ = {
			isa = XCSwiftPackageProductDependency;
			package = 2153A10F2B8C66E400335C42 /* XCRemoteSwiftPackageReference "firebase-ios-sdk" */;
			productName = FirebaseAuth;
		};
		2153A1282B8C66E400335C42 /* FirebaseFirestore */ = {
			isa = XCSwiftPackageProductDependency;
			package = 2153A10F2B8C66E400335C42 /* XCRemoteSwiftPackageReference "firebase-ios-sdk" */;
			productName = FirebaseFirestore;
		};
		2153A12C2B8C66E400335C42 /* FirebaseFirestoreSwift */ = {
			isa = XCSwiftPackageProductDependency;
			package = 2153A10F2B8C66E400335C42 /* XCRemoteSwiftPackageReference "firebase-ios-sdk" */;
			productName = FirebaseFirestoreSwift;
		};
		2153A1422B8C66E500335C42 /* FirebaseStorage */ = {
			isa = XCSwiftPackageProductDependency;
			package = 2153A10F2B8C66E400335C42 /* XCRemoteSwiftPackageReference "firebase-ios-sdk" */;
			productName = FirebaseStorage;
		};
		2153A1442B8C66E500335C42 /* FirebaseStorageCombine-Community */ = {
			isa = XCSwiftPackageProductDependency;
			package = 2153A10F2B8C66E400335C42 /* XCRemoteSwiftPackageReference "firebase-ios-sdk" */;
			productName = "FirebaseStorageCombine-Community";
		};
		2199D08B2C0EC09D002664C0 /* GoogleMobileAds */ = {
			isa = XCSwiftPackageProductDependency;
			package = 2199D08A2C0EC09D002664C0 /* XCRemoteSwiftPackageReference "swift-package-manager-google-mobile-ads" */;
			productName = GoogleMobileAds;
		};
/* End XCSwiftPackageProductDependency section */
	};
	rootObject = 2153A0F42B886CFC00335C42 /* Project object */;
}
